
Microsoft Visual Studio Solution File, Format Version 12.00
# Visual Studio Version 16
VisualStudioVersion = 16.0.31911.196
MinimumVisualStudioVersion = 10.0.40219.1
Project("{FAE04EC0-301F-11D3-BF4B-00C04F79EFBC}") = "ЗаданиеWpf4", "ЗаданиеWpf4\ЗаданиеWpf4.csproj", "{B6F04122-B2A7-475D-BE57-B62458DB4021}"
EndProject
Global
	GlobalSection(SolutionConfigurationPlatforms) = preSolution
		Debug|Any CPU = Debug|Any CPU
		Release|Any CPU = Release|Any CPU
	EndGlobalSection
	GlobalSection(ProjectConfigurationPlatforms) = postSolution
		{B6F04122-B2A7-475D-BE57-B62458DB4021}.Debug|Any CPU.ActiveCfg = Debug|Any CPU
		{B6F04122-B2A7-475D-BE57-B62458DB4021}.Debug|Any CPU.Build.0 = Debug|Any CPU
		{B6F04122-B2A7-475D-BE57-B62458DB4021}.Release|Any CPU.ActiveCfg = Release|Any CPU
		{B6F04122-B2A7-475D-BE57-B62458DB4021}.Release|Any CPU.Build.0 = Release|Any CPU
	EndGlobalSection
	GlobalSection(SolutionProperties) = preSolution
		HideSolutionNode = FALSE
	EndGlobalSection
	GlobalSection(ExtensibilityGlobals) = postSolution
		SolutionGuid = {6B7CB0E8-8CDB-4C80-B1DF-0B5E86B9C90E}
	EndGlobalSection
EndGlobal
